// !$*UTF8*$!
{
	archiveVersion = 1;
	classes = {
	};
	objectVersion = 46;
	objects = {

/* Begin PBXBuildFile section */
		AF08B9991EB373D100D5DC9F /* RSSHelper.swift in Sources */ = {isa = PBXBuildFile; fileRef = AF08B9981EB373D100D5DC9F /* RSSHelper.swift */; };
		AF08B99B1EB37F6800D5DC9F /* NewsViewController.swift in Sources */ = {isa = PBXBuildFile; fileRef = AF08B99A1EB37F6800D5DC9F /* NewsViewController.swift */; };
		AF6A844F1EB26286000EFED7 /* AppDelegate.swift in Sources */ = {isa = PBXBuildFile; fileRef = AF6A844E1EB26286000EFED7 /* AppDelegate.swift */; };
		AF6A84511EB26286000EFED7 /* MenuViewController.swift in Sources */ = {isa = PBXBuildFile; fileRef = AF6A84501EB26286000EFED7 /* MenuViewController.swift */; };
		AF6A84541EB26286000EFED7 /* Main.storyboard in Resources */ = {isa = PBXBuildFile; fileRef = AF6A84521EB26286000EFED7 /* Main.storyboard */; };
		AF6A84561EB26286000EFED7 /* Assets.xcassets in Resources */ = {isa = PBXBuildFile; fileRef = AF6A84551EB26286000EFED7 /* Assets.xcassets */; };
		AF6A84591EB26286000EFED7 /* LaunchScreen.storyboard in Resources */ = {isa = PBXBuildFile; fileRef = AF6A84571EB26286000EFED7 /* LaunchScreen.storyboard */; };
		AF98924E1EB280600007FA62 /* RSSItemViewModel.swift in Sources */ = {isa = PBXBuildFile; fileRef = AF98924D1EB280600007FA62 /* RSSItemViewModel.swift */; };
		AF9892501EB280E60007FA62 /* InstructionItemViewModel.swift in Sources */ = {isa = PBXBuildFile; fileRef = AF98924F1EB280E60007FA62 /* InstructionItemViewModel.swift */; };
		AF9892521EB281DF0007FA62 /* RSSItem.swift in Sources */ = {isa = PBXBuildFile; fileRef = AF9892511EB281DF0007FA62 /* RSSItem.swift */; };
		AF9892541EB281ED0007FA62 /* InstructionItem.swift in Sources */ = {isa = PBXBuildFile; fileRef = AF9892531EB281EC0007FA62 /* InstructionItem.swift */; };
		AF9892561EB2824E0007FA62 /* RSSItems.swift in Sources */ = {isa = PBXBuildFile; fileRef = AF9892551EB2824E0007FA62 /* RSSItems.swift */; };
		AF9892581EB2827E0007FA62 /* IntructionsItems.swift in Sources */ = {isa = PBXBuildFile; fileRef = AF9892571EB2827E0007FA62 /* IntructionsItems.swift */; };
		AF98925B1EB288410007FA62 /* InstructionsViewController.swift in Sources */ = {isa = PBXBuildFile; fileRef = AF98925A1EB288410007FA62 /* InstructionsViewController.swift */; };
		AF98925E1EB28C7C0007FA62 /* InstructionCollectionViewCell.swift in Sources */ = {isa = PBXBuildFile; fileRef = AF98925C1EB28C7C0007FA62 /* InstructionCollectionViewCell.swift */; };
		AF98925F1EB28C7C0007FA62 /* InstructionCollectionViewCell.xib in Resources */ = {isa = PBXBuildFile; fileRef = AF98925D1EB28C7C0007FA62 /* InstructionCollectionViewCell.xib */; };
		AFB41C451EB2709000216D28 /* MenuCollectionViewCell.swift in Sources */ = {isa = PBXBuildFile; fileRef = AFB41C431EB2709000216D28 /* MenuCollectionViewCell.swift */; };
		AFB41C461EB2709000216D28 /* MenuCollectionViewCell.xib in Resources */ = {isa = PBXBuildFile; fileRef = AFB41C441EB2709000216D28 /* MenuCollectionViewCell.xib */; };
		FCDEBC0AB1B3BAF96E6C19DA /* Pods_antidotedanmark_app_ios.framework in Frameworks */ = {isa = PBXBuildFile; fileRef = E4CA466432CB1D9A23961348 /* Pods_antidotedanmark_app_ios.framework */; };
/* End PBXBuildFile section */

/* Begin PBXFileReference section */
		32CAAE9741468E2EAF2669B4 /* Pods-antidotedanmark-app-ios.debug.xcconfig */ = {isa = PBXFileReference; includeInIndex = 1; lastKnownFileType = text.xcconfig; name = "Pods-antidotedanmark-app-ios.debug.xcconfig"; path = "Pods/Target Support Files/Pods-antidotedanmark-app-ios/Pods-antidotedanmark-app-ios.debug.xcconfig"; sourceTree = "<group>"; };
		AF08B9981EB373D100D5DC9F /* RSSHelper.swift */ = {isa = PBXFileReference; fileEncoding = 4; lastKnownFileType = sourcecode.swift; path = RSSHelper.swift; sourceTree = "<group>"; };
		AF08B99A1EB37F6800D5DC9F /* NewsViewController.swift */ = {isa = PBXFileReference; fileEncoding = 4; lastKnownFileType = sourcecode.swift; path = NewsViewController.swift; sourceTree = "<group>"; };
		AF6A844B1EB26285000EFED7 /* antidotedanmark-app-ios.app */ = {isa = PBXFileReference; explicitFileType = wrapper.application; includeInIndex = 0; path = "antidotedanmark-app-ios.app"; sourceTree = BUILT_PRODUCTS_DIR; };
		AF6A844E1EB26286000EFED7 /* AppDelegate.swift */ = {isa = PBXFileReference; lastKnownFileType = sourcecode.swift; path = AppDelegate.swift; sourceTree = "<group>"; };
		AF6A84501EB26286000EFED7 /* MenuViewController.swift */ = {isa = PBXFileReference; lastKnownFileType = sourcecode.swift; path = MenuViewController.swift; sourceTree = "<group>"; };
		AF6A84531EB26286000EFED7 /* Base */ = {isa = PBXFileReference; lastKnownFileType = file.storyboard; name = Base; path = Base.lproj/Main.storyboard; sourceTree = "<group>"; };
		AF6A84551EB26286000EFED7 /* Assets.xcassets */ = {isa = PBXFileReference; lastKnownFileType = folder.assetcatalog; path = Assets.xcassets; sourceTree = "<group>"; };
		AF6A84581EB26286000EFED7 /* Base */ = {isa = PBXFileReference; lastKnownFileType = file.storyboard; name = Base; path = Base.lproj/LaunchScreen.storyboard; sourceTree = "<group>"; };
		AF6A845A1EB26286000EFED7 /* Info.plist */ = {isa = PBXFileReference; lastKnownFileType = text.plist.xml; path = Info.plist; sourceTree = "<group>"; };
		AF8A74A60DD3EA6C8A299BAE /* Pods-antidotedanmark-app-ios.release.xcconfig */ = {isa = PBXFileReference; includeInIndex = 1; lastKnownFileType = text.xcconfig; name = "Pods-antidotedanmark-app-ios.release.xcconfig"; path = "Pods/Target Support Files/Pods-antidotedanmark-app-ios/Pods-antidotedanmark-app-ios.release.xcconfig"; sourceTree = "<group>"; };
		AF98924D1EB280600007FA62 /* RSSItemViewModel.swift */ = {isa = PBXFileReference; fileEncoding = 4; lastKnownFileType = sourcecode.swift; path = RSSItemViewModel.swift; sourceTree = "<group>"; };
		AF98924F1EB280E60007FA62 /* InstructionItemViewModel.swift */ = {isa = PBXFileReference; fileEncoding = 4; lastKnownFileType = sourcecode.swift; path = InstructionItemViewModel.swift; sourceTree = "<group>"; };
		AF9892511EB281DF0007FA62 /* RSSItem.swift */ = {isa = PBXFileReference; fileEncoding = 4; lastKnownFileType = sourcecode.swift; path = RSSItem.swift; sourceTree = "<group>"; };
		AF9892531EB281EC0007FA62 /* InstructionItem.swift */ = {isa = PBXFileReference; fileEncoding = 4; lastKnownFileType = sourcecode.swift; path = InstructionItem.swift; sourceTree = "<group>"; };
		AF9892551EB2824E0007FA62 /* RSSItems.swift */ = {isa = PBXFileReference; fileEncoding = 4; lastKnownFileType = sourcecode.swift; path = RSSItems.swift; sourceTree = "<group>"; };
		AF9892571EB2827E0007FA62 /* IntructionsItems.swift */ = {isa = PBXFileReference; fileEncoding = 4; lastKnownFileType = sourcecode.swift; path = IntructionsItems.swift; sourceTree = "<group>"; };
		AF98925A1EB288410007FA62 /* InstructionsViewController.swift */ = {isa = PBXFileReference; fileEncoding = 4; lastKnownFileType = sourcecode.swift; path = InstructionsViewController.swift; sourceTree = "<group>"; };
		AF98925C1EB28C7C0007FA62 /* InstructionCollectionViewCell.swift */ = {isa = PBXFileReference; fileEncoding = 4; lastKnownFileType = sourcecode.swift; path = InstructionCollectionViewCell.swift; sourceTree = "<group>"; };
		AF98925D1EB28C7C0007FA62 /* InstructionCollectionViewCell.xib */ = {isa = PBXFileReference; fileEncoding = 4; lastKnownFileType = file.xib; path = InstructionCollectionViewCell.xib; sourceTree = "<group>"; };
		AFB41C431EB2709000216D28 /* MenuCollectionViewCell.swift */ = {isa = PBXFileReference; fileEncoding = 4; lastKnownFileType = sourcecode.swift; path = MenuCollectionViewCell.swift; sourceTree = "<group>"; };
		AFB41C441EB2709000216D28 /* MenuCollectionViewCell.xib */ = {isa = PBXFileReference; fileEncoding = 4; lastKnownFileType = file.xib; path = MenuCollectionViewCell.xib; sourceTree = "<group>"; };
		E4CA466432CB1D9A23961348 /* Pods_antidotedanmark_app_ios.framework */ = {isa = PBXFileReference; explicitFileType = wrapper.framework; includeInIndex = 0; path = Pods_antidotedanmark_app_ios.framework; sourceTree = BUILT_PRODUCTS_DIR; };
/* End PBXFileReference section */

/* Begin PBXFrameworksBuildPhase section */
		AF6A84481EB26285000EFED7 /* Frameworks */ = {
			isa = PBXFrameworksBuildPhase;
			buildActionMask = 2147483647;
			files = (
				FCDEBC0AB1B3BAF96E6C19DA /* Pods_antidotedanmark_app_ios.framework in Frameworks */,
			);
			runOnlyForDeploymentPostprocessing = 0;
		};
/* End PBXFrameworksBuildPhase section */

/* Begin PBXGroup section */
		5A4506C5909168D0E531DFE4 /* Pods */ = {
			isa = PBXGroup;
			children = (
				32CAAE9741468E2EAF2669B4 /* Pods-antidotedanmark-app-ios.debug.xcconfig */,
				AF8A74A60DD3EA6C8A299BAE /* Pods-antidotedanmark-app-ios.release.xcconfig */,
			);
			name = Pods;
			sourceTree = "<group>";
		};
		A5DFA4544368EE0DA4CB54EF /* Frameworks */ = {
			isa = PBXGroup;
			children = (
				E4CA466432CB1D9A23961348 /* Pods_antidotedanmark_app_ios.framework */,
			);
			name = Frameworks;
			sourceTree = "<group>";
		};
		AF08B9971EB373B600D5DC9F /* API */ = {
			isa = PBXGroup;
			children = (
				AF08B9981EB373D100D5DC9F /* RSSHelper.swift */,
			);
			name = API;
			sourceTree = "<group>";
		};
		AF6A84421EB26285000EFED7 = {
			isa = PBXGroup;
			children = (
				AF6A844D1EB26285000EFED7 /* antidotedanmark-app-ios */,
				AF6A844C1EB26285000EFED7 /* Products */,
				5A4506C5909168D0E531DFE4 /* Pods */,
				A5DFA4544368EE0DA4CB54EF /* Frameworks */,
			);
			sourceTree = "<group>";
		};
		AF6A844C1EB26285000EFED7 /* Products */ = {
			isa = PBXGroup;
			children = (
				AF6A844B1EB26285000EFED7 /* antidotedanmark-app-ios.app */,
			);
			name = Products;
			sourceTree = "<group>";
		};
		AF6A844D1EB26285000EFED7 /* antidotedanmark-app-ios */ = {
			isa = PBXGroup;
			children = (
				AF6A844E1EB26286000EFED7 /* AppDelegate.swift */,
				AF6A84521EB26286000EFED7 /* Main.storyboard */,
				AF9892591EB285D20007FA62 /* ViewControllers */,
				AF98924B1EB280300007FA62 /* Models */,
				AF98924C1EB280430007FA62 /* ViewModels */,
				AF98924A1EB280010007FA62 /* Views */,
				AF08B9971EB373B600D5DC9F /* API */,
				AF6A84551EB26286000EFED7 /* Assets.xcassets */,
				AF6A84571EB26286000EFED7 /* LaunchScreen.storyboard */,
				AF6A845A1EB26286000EFED7 /* Info.plist */,
			);
			path = "antidotedanmark-app-ios";
			sourceTree = "<group>";
		};
		AF98924A1EB280010007FA62 /* Views */ = {
			isa = PBXGroup;
			children = (
				AFB41C431EB2709000216D28 /* MenuCollectionViewCell.swift */,
				AFB41C441EB2709000216D28 /* MenuCollectionViewCell.xib */,
				AF98925C1EB28C7C0007FA62 /* InstructionCollectionViewCell.swift */,
				AF98925D1EB28C7C0007FA62 /* InstructionCollectionViewCell.xib */,
			);
			name = Views;
			sourceTree = "<group>";
		};
		AF98924B1EB280300007FA62 /* Models */ = {
			isa = PBXGroup;
			children = (
				AF9892511EB281DF0007FA62 /* RSSItem.swift */,
				AF9892551EB2824E0007FA62 /* RSSItems.swift */,
				AF9892531EB281EC0007FA62 /* InstructionItem.swift */,
				AF9892571EB2827E0007FA62 /* IntructionsItems.swift */,
			);
			name = Models;
			sourceTree = "<group>";
		};
		AF98924C1EB280430007FA62 /* ViewModels */ = {
			isa = PBXGroup;
			children = (
				AF98924D1EB280600007FA62 /* RSSItemViewModel.swift */,
				AF98924F1EB280E60007FA62 /* InstructionItemViewModel.swift */,
			);
			name = ViewModels;
			sourceTree = "<group>";
		};
		AF9892591EB285D20007FA62 /* ViewControllers */ = {
			isa = PBXGroup;
			children = (
				AF6A84501EB26286000EFED7 /* MenuViewController.swift */,
				AF98925A1EB288410007FA62 /* InstructionsViewController.swift */,
				AF08B99A1EB37F6800D5DC9F /* NewsViewController.swift */,
			);
			name = ViewControllers;
			sourceTree = "<group>";
		};
/* End PBXGroup section */

/* Begin PBXNativeTarget section */
		AF6A844A1EB26285000EFED7 /* antidotedanmark-app-ios */ = {
			isa = PBXNativeTarget;
			buildConfigurationList = AF6A845D1EB26286000EFED7 /* Build configuration list for PBXNativeTarget "antidotedanmark-app-ios" */;
			buildPhases = (
				1A0717C56F6FA7CCE29DDE5D /* [CP] Check Pods Manifest.lock */,
				AF6A84471EB26285000EFED7 /* Sources */,
				AF6A84481EB26285000EFED7 /* Frameworks */,
				AF6A84491EB26285000EFED7 /* Resources */,
				18575BAC93D8A2E18D253397 /* [CP] Embed Pods Frameworks */,
				F6261E1E1E81609D52B453CB /* [CP] Copy Pods Resources */,
			);
			buildRules = (
			);
			dependencies = (
			);
			name = "antidotedanmark-app-ios";
			productName = "antidotedanmark-app-ios";
			productReference = AF6A844B1EB26285000EFED7 /* antidotedanmark-app-ios.app */;
			productType = "com.apple.product-type.application";
		};
/* End PBXNativeTarget section */

/* Begin PBXProject section */
		AF6A84431EB26285000EFED7 /* Project object */ = {
			isa = PBXProject;
			attributes = {
				LastSwiftUpdateCheck = 0830;
				LastUpgradeCheck = 0830;
				ORGANIZATIONNAME = Criboe;
				TargetAttributes = {
					AF6A844A1EB26285000EFED7 = {
						CreatedOnToolsVersion = 8.3.2;
						DevelopmentTeam = SG4MLU2P43;
						ProvisioningStyle = Automatic;
					};
				};
			};
			buildConfigurationList = AF6A84461EB26285000EFED7 /* Build configuration list for PBXProject "antidotedanmark-app-ios" */;
			compatibilityVersion = "Xcode 3.2";
			developmentRegion = English;
			hasScannedForEncodings = 0;
			knownRegions = (
				en,
				Base,
			);
			mainGroup = AF6A84421EB26285000EFED7;
			productRefGroup = AF6A844C1EB26285000EFED7 /* Products */;
			projectDirPath = "";
			projectRoot = "";
			targets = (
				AF6A844A1EB26285000EFED7 /* antidotedanmark-app-ios */,
			);
		};
/* End PBXProject section */

/* Begin PBXResourcesBuildPhase section */
		AF6A84491EB26285000EFED7 /* Resources */ = {
			isa = PBXResourcesBuildPhase;
			buildActionMask = 2147483647;
			files = (
				AF6A84591EB26286000EFED7 /* LaunchScreen.storyboard in Resources */,
				AF6A84561EB26286000EFED7 /* Assets.xcassets in Resources */,
				AFB41C461EB2709000216D28 /* MenuCollectionViewCell.xib in Resources */,
				AF98925F1EB28C7C0007FA62 /* InstructionCollectionViewCell.xib in Resources */,
				AF6A84541EB26286000EFED7 /* Main.storyboard in Resources */,
			);
			runOnlyForDeploymentPostprocessing = 0;
		};
/* End PBXResourcesBuildPhase section */

/* Begin PBXShellScriptBuildPhase section */
		18575BAC93D8A2E18D253397 /* [CP] Embed Pods Frameworks */ = {
			isa = PBXShellScriptBuildPhase;
			buildActionMask = 2147483647;
			files = (
			);
			inputPaths = (
			);
			name = "[CP] Embed Pods Frameworks";
			outputPaths = (
			);
			runOnlyForDeploymentPostprocessing = 0;
			shellPath = /bin/sh;
			shellScript = "\"${SRCROOT}/Pods/Target Support Files/Pods-antidotedanmark-app-ios/Pods-antidotedanmark-app-ios-frameworks.sh\"\n";
			showEnvVarsInLog = 0;
		};
		1A0717C56F6FA7CCE29DDE5D /* [CP] Check Pods Manifest.lock */ = {
			isa = PBXShellScriptBuildPhase;
			buildActionMask = 2147483647;
			files = (
			);
			inputPaths = (
			);
			name = "[CP] Check Pods Manifest.lock";
			outputPaths = (
			);
			runOnlyForDeploymentPostprocessing = 0;
			shellPath = /bin/sh;
			shellScript = "diff \"${PODS_PODFILE_DIR_PATH}/Podfile.lock\" \"${PODS_ROOT}/Manifest.lock\" > /dev/null\nif [ $? != 0 ] ; then\n    # print error to STDERR\n    echo \"error: The sandbox is not in sync with the Podfile.lock. Run 'pod install' or update your CocoaPods installation.\" >&2\n    exit 1\nfi\n";
			showEnvVarsInLog = 0;
		};
		F6261E1E1E81609D52B453CB /* [CP] Copy Pods Resources */ = {
			isa = PBXShellScriptBuildPhase;
			buildActionMask = 2147483647;
			files = (
			);
			inputPaths = (
			);
			name = "[CP] Copy Pods Resources";
			outputPaths = (
			);
			runOnlyForDeploymentPostprocessing = 0;
			shellPath = /bin/sh;
			shellScript = "\"${SRCROOT}/Pods/Target Support Files/Pods-antidotedanmark-app-ios/Pods-antidotedanmark-app-ios-resources.sh\"\n";
			showEnvVarsInLog = 0;
		};
/* End PBXShellScriptBuildPhase section */

/* Begin PBXSourcesBuildPhase section */
		AF6A84471EB26285000EFED7 /* Sources */ = {
			isa = PBXSourcesBuildPhase;
			buildActionMask = 2147483647;
			files = (
				AF6A84511EB26286000EFED7 /* MenuViewController.swift in Sources */,
				AF9892541EB281ED0007FA62 /* InstructionItem.swift in Sources */,
				AF9892501EB280E60007FA62 /* InstructionItemViewModel.swift in Sources */,
				AF98924E1EB280600007FA62 /* RSSItemViewModel.swift in Sources */,
				AF9892521EB281DF0007FA62 /* RSSItem.swift in Sources */,
				AF9892581EB2827E0007FA62 /* IntructionsItems.swift in Sources */,
				AF08B99B1EB37F6800D5DC9F /* NewsViewController.swift in Sources */,
				AF6A844F1EB26286000EFED7 /* AppDelegate.swift in Sources */,
				AF9892561EB2824E0007FA62 /* RSSItems.swift in Sources */,
				AF98925B1EB288410007FA62 /* InstructionsViewController.swift in Sources */,
				AFB41C451EB2709000216D28 /* MenuCollectionViewCell.swift in Sources */,
				AF08B9991EB373D100D5DC9F /* RSSHelper.swift in Sources */,
				AF98925E1EB28C7C0007FA62 /* InstructionCollectionViewCell.swift in Sources */,
			);
			runOnlyForDeploymentPostprocessing = 0;
		};
/* End PBXSourcesBuildPhase section */

/* Begin PBXVariantGroup section */
		AF6A84521EB26286000EFED7 /* Main.storyboard */ = {
			isa = PBXVariantGroup;
			children = (
				AF6A84531EB26286000EFED7 /* Base */,
			);
			name = Main.storyboard;
			sourceTree = "<group>";
		};
		AF6A84571EB26286000EFED7 /* LaunchScreen.storyboard */ = {
			isa = PBXVariantGroup;
			children = (
				AF6A84581EB26286000EFED7 /* Base */,
			);
			name = LaunchScreen.storyboard;
			sourceTree = "<group>";
		};
/* End PBXVariantGroup section */

/* Begin XCBuildConfiguration section */
		AF6A845B1EB26286000EFED7 /* Debug */ = {
			isa = XCBuildConfiguration;
			buildSettings = {
				ALWAYS_SEARCH_USER_PATHS = NO;
				CLANG_ANALYZER_NONNULL = YES;
				CLANG_ANALYZER_NUMBER_OBJECT_CONVERSION = YES_AGGRESSIVE;
				CLANG_CXX_LANGUAGE_STANDARD = "gnu++0x";
				CLANG_CXX_LIBRARY = "libc++";
				CLANG_ENABLE_MODULES = YES;
				CLANG_ENABLE_OBJC_ARC = YES;
				CLANG_WARN_BOOL_CONVERSION = YES;
				CLANG_WARN_CONSTANT_CONVERSION = YES;
				CLANG_WARN_DIRECT_OBJC_ISA_USAGE = YES_ERROR;
				CLANG_WARN_DOCUMENTATION_COMMENTS = YES;
				CLANG_WARN_EMPTY_BODY = YES;
				CLANG_WARN_ENUM_CONVERSION = YES;
				CLANG_WARN_INFINITE_RECURSION = YES;
				CLANG_WARN_INT_CONVERSION = YES;
				CLANG_WARN_OBJC_ROOT_CLASS = YES_ERROR;
				CLANG_WARN_SUSPICIOUS_MOVE = YES;
				CLANG_WARN_UNREACHABLE_CODE = YES;
				CLANG_WARN__DUPLICATE_METHOD_MATCH = YES;
				"CODE_SIGN_IDENTITY[sdk=iphoneos*]" = "iPhone Developer";
				COPY_PHASE_STRIP = NO;
				DEBUG_INFORMATION_FORMAT = dwarf;
				ENABLE_STRICT_OBJC_MSGSEND = YES;
				ENABLE_TESTABILITY = YES;
				GCC_C_LANGUAGE_STANDARD = gnu99;
				GCC_DYNAMIC_NO_PIC = NO;
				GCC_NO_COMMON_BLOCKS = YES;
				GCC_OPTIMIZATION_LEVEL = 0;
				GCC_PREPROCESSOR_DEFINITIONS = (
					"DEBUG=1",
					"$(inherited)",
				);
				GCC_WARN_64_TO_32_BIT_CONVERSION = YES;
				GCC_WARN_ABOUT_RETURN_TYPE = YES_ERROR;
				GCC_WARN_UNDECLARED_SELECTOR = YES;
				GCC_WARN_UNINITIALIZED_AUTOS = YES_AGGRESSIVE;
				GCC_WARN_UNUSED_FUNCTION = YES;
				GCC_WARN_UNUSED_VARIABLE = YES;
				IPHONEOS_DEPLOYMENT_TARGET = 8.0;
				MTL_ENABLE_DEBUG_INFO = YES;
				ONLY_ACTIVE_ARCH = YES;
				SDKROOT = iphoneos;
				SWIFT_ACTIVE_COMPILATION_CONDITIONS = DEBUG;
				SWIFT_OPTIMIZATION_LEVEL = "-Onone";
			};
			name = Debug;
		};
		AF6A845C1EB26286000EFED7 /* Release */ = {
			isa = XCBuildConfiguration;
			buildSettings = {
				ALWAYS_SEARCH_USER_PATHS = NO;
				CLANG_ANALYZER_NONNULL = YES;
				CLANG_ANALYZER_NUMBER_OBJECT_CONVERSION = YES_AGGRESSIVE;
				CLANG_CXX_LANGUAGE_STANDARD = "gnu++0x";
				CLANG_CXX_LIBRARY = "libc++";
				CLANG_ENABLE_MODULES = YES;
				CLANG_ENABLE_OBJC_ARC = YES;
				CLANG_WARN_BOOL_CONVERSION = YES;
				CLANG_WARN_CONSTANT_CONVERSION = YES;
				CLANG_WARN_DIRECT_OBJC_ISA_USAGE = YES_ERROR;
				CLANG_WARN_DOCUMENTATION_COMMENTS = YES;
				CLANG_WARN_EMPTY_BODY = YES;
				CLANG_WARN_ENUM_CONVERSION = YES;
				CLANG_WARN_INFINITE_RECURSION = YES;
				CLANG_WARN_INT_CONVERSION = YES;
				CLANG_WARN_OBJC_ROOT_CLASS = YES_ERROR;
				CLANG_WARN_SUSPICIOUS_MOVE = YES;
				CLANG_WARN_UNREACHABLE_CODE = YES;
				CLANG_WARN__DUPLICATE_METHOD_MATCH = YES;
				"CODE_SIGN_IDENTITY[sdk=iphoneos*]" = "iPhone Developer";
				COPY_PHASE_STRIP = NO;
				DEBUG_INFORMATION_FORMAT = "dwarf-with-dsym";
				ENABLE_NS_ASSERTIONS = NO;
				ENABLE_STRICT_OBJC_MSGSEND = YES;
				GCC_C_LANGUAGE_STANDARD = gnu99;
				GCC_NO_COMMON_BLOCKS = YES;
				GCC_WARN_64_TO_32_BIT_CONVERSION = YES;
				GCC_WARN_ABOUT_RETURN_TYPE = YES_ERROR;
				GCC_WARN_UNDECLARED_SELECTOR = YES;
				GCC_WARN_UNINITIALIZED_AUTOS = YES_AGGRESSIVE;
				GCC_WARN_UNUSED_FUNCTION = YES;
				GCC_WARN_UNUSED_VARIABLE = YES;
				IPHONEOS_DEPLOYMENT_TARGET = 8.0;
				MTL_ENABLE_DEBUG_INFO = NO;
				SDKROOT = iphoneos;
				SWIFT_OPTIMIZATION_LEVEL = "-Owholemodule";
				VALIDATE_PRODUCT = YES;
			};
			name = Release;
		};
		AF6A845E1EB26286000EFED7 /* Debug */ = {
			isa = XCBuildConfiguration;
			baseConfigurationReference = 32CAAE9741468E2EAF2669B4 /* Pods-antidotedanmark-app-ios.debug.xcconfig */;
			buildSettings = {
				ASSETCATALOG_COMPILER_APPICON_NAME = AppIcon;
				DEVELOPMENT_TEAM = SG4MLU2P43;
				INFOPLIST_FILE = "antidotedanmark-app-ios/Info.plist";
				LD_RUNPATH_SEARCH_PATHS = "$(inherited) @executable_path/Frameworks";
				PRODUCT_BUNDLE_IDENTIFIER = "com.casperriboe.antidotedanmark-app-ios";
				PRODUCT_NAME = "$(TARGET_NAME)";
				SWIFT_VERSION = 3.0;
			};
			name = Debug;
		};
		AF6A845F1EB26286000EFED7 /* Release */ = {
			isa = XCBuildConfiguration;
			baseConfigurationReference = AF8A74A60DD3EA6C8A299BAE /* Pods-antidotedanmark-app-ios.release.xcconfig */;
			buildSettings = {
				ASSETCATALOG_COMPILER_APPICON_NAME = AppIcon;
				DEVELOPMENT_TEAM = SG4MLU2P43;
				INFOPLIST_FILE = "antidotedanmark-app-ios/Info.plist";
				LD_RUNPATH_SEARCH_PATHS = "$(inherited) @executable_path/Frameworks";
				PRODUCT_BUNDLE_IDENTIFIER = "com.casperriboe.antidotedanmark-app-ios";
				PRODUCT_NAME = "$(TARGET_NAME)";
				SWIFT_VERSION = 3.0;
			};
			name = Release;
		};
/* End XCBuildConfiguration section */

/* Begin XCConfigurationList section */
		AF6A84461EB26285000EFED7 /* Build configuration list for PBXProject "antidotedanmark-app-ios" */ = {
			isa = XCConfigurationList;
			buildConfigurations = (
				AF6A845B1EB26286000EFED7 /* Debug */,
				AF6A845C1EB26286000EFED7 /* Release */,
			);
			defaultConfigurationIsVisible = 0;
			defaultConfigurationName = Release;
		};
		AF6A845D1EB26286000EFED7 /* Build configuration list for PBXNativeTarget "antidotedanmark-app-ios" */ = {
			isa = XCConfigurationList;
			buildConfigurations = (
				AF6A845E1EB26286000EFED7 /* Debug */,
				AF6A845F1EB26286000EFED7 /* Release */,
			);
			defaultConfigurationIsVisible = 0;
			defaultConfigurationName = Release;
		};
/* End XCConfigurationList section */
	};
	rootObject = AF6A84431EB26285000EFED7 /* Project object */;
}
